// !$*UTF8*$!
{
	archiveVersion = 1;
	classes = {
	};
	objectVersion = 56;
	objects = {

/* Begin PBXBuildFile section */
		C832F7AC2B9E24520066E235 /* Bundle-Decodable.swift in Sources */ = {isa = PBXBuildFile; fileRef = C832F7AB2B9E24520066E235 /* Bundle-Decodable.swift */; };
		C84616702B778A2700A2F363 /* Main.xcdatamodeld in Sources */ = {isa = PBXBuildFile; fileRef = C846166E2B778A2700A2F363 /* Main.xcdatamodeld */; };
		C84616722B778D7F00A2F363 /* DataController.swift in Sources */ = {isa = PBXBuildFile; fileRef = C84616712B778D7F00A2F363 /* DataController.swift */; };
		C84616752B77BC8A00A2F363 /* SidebarView.swift in Sources */ = {isa = PBXBuildFile; fileRef = C84616742B77BC8A00A2F363 /* SidebarView.swift */; };
		C84616772B77BC9B00A2F363 /* DetailView.swift in Sources */ = {isa = PBXBuildFile; fileRef = C84616762B77BC9B00A2F363 /* DetailView.swift */; };
		C84616792B77D86300A2F363 /* Filter.swift in Sources */ = {isa = PBXBuildFile; fileRef = C84616782B77D86300A2F363 /* Filter.swift */; };
		C85C5DE92B777B6B004356FB /* FeedbackAssistantCloneApp.swift in Sources */ = {isa = PBXBuildFile; fileRef = C85C5DE82B777B6B004356FB /* FeedbackAssistantCloneApp.swift */; };
		C85C5DEB2B777B6B004356FB /* ContentView.swift in Sources */ = {isa = PBXBuildFile; fileRef = C85C5DEA2B777B6B004356FB /* ContentView.swift */; };
		C85C5DED2B777B6C004356FB /* Assets.xcassets in Resources */ = {isa = PBXBuildFile; fileRef = C85C5DEC2B777B6C004356FB /* Assets.xcassets */; };
		C85C5DF12B777B6C004356FB /* Preview Assets.xcassets in Resources */ = {isa = PBXBuildFile; fileRef = C85C5DF02B777B6C004356FB /* Preview Assets.xcassets */; };
		C896B3C12B82961800A72C0D /* Issue-CoreDataHelpers.swift in Sources */ = {isa = PBXBuildFile; fileRef = C896B3C02B82961800A72C0D /* Issue-CoreDataHelpers.swift */; };
		C896B3C32B829C0800A72C0D /* Tag-CoreDataHelpers.swift in Sources */ = {isa = PBXBuildFile; fileRef = C896B3C22B829C0800A72C0D /* Tag-CoreDataHelpers.swift */; };
		C8BC31A32B8A6725008E1C0B /* IssueRow.swift in Sources */ = {isa = PBXBuildFile; fileRef = C8BC31A22B8A6725008E1C0B /* IssueRow.swift */; };
		C8BC31A52B8AA4BB008E1C0B /* IssueView.swift in Sources */ = {isa = PBXBuildFile; fileRef = C8BC31A42B8AA4BB008E1C0B /* IssueView.swift */; };
		C8BC31A72B8AA4C3008E1C0B /* NoIssueView.swift in Sources */ = {isa = PBXBuildFile; fileRef = C8BC31A62B8AA4C3008E1C0B /* NoIssueView.swift */; };
		C8F388C82B9F8BA500638129 /* Awards.json in Resources */ = {isa = PBXBuildFile; fileRef = C8F388C72B9F8BA500638129 /* Awards.json */; };
		C8F388CA2B9F8BF200638129 /* Colors.xcassets in Resources */ = {isa = PBXBuildFile; fileRef = C8F388C92B9F8BF200638129 /* Colors.xcassets */; };
		C8F388CC2B9F8CEA00638129 /* Award.swift in Sources */ = {isa = PBXBuildFile; fileRef = C8F388CB2B9F8CEA00638129 /* Award.swift */; };
		C8F388CE2B9F8E7900638129 /* AwardsView.swift in Sources */ = {isa = PBXBuildFile; fileRef = C8F388CD2B9F8E7900638129 /* AwardsView.swift */; };
/* End PBXBuildFile section */

/* Begin PBXFileReference section */
		C832F7AB2B9E24520066E235 /* Bundle-Decodable.swift */ = {isa = PBXFileReference; lastKnownFileType = sourcecode.swift; path = "Bundle-Decodable.swift"; sourceTree = "<group>"; };
		C846166F2B778A2700A2F363 /* Main.xcdatamodel */ = {isa = PBXFileReference; lastKnownFileType = wrapper.xcdatamodel; path = Main.xcdatamodel; sourceTree = "<group>"; };
		C84616712B778D7F00A2F363 /* DataController.swift */ = {isa = PBXFileReference; lastKnownFileType = sourcecode.swift; path = DataController.swift; sourceTree = "<group>"; };
		C84616732B77B14E00A2F363 /* Info.plist */ = {isa = PBXFileReference; lastKnownFileType = text.plist; path = Info.plist; sourceTree = "<group>"; };
		C84616742B77BC8A00A2F363 /* SidebarView.swift */ = {isa = PBXFileReference; lastKnownFileType = sourcecode.swift; path = SidebarView.swift; sourceTree = "<group>"; };
		C84616762B77BC9B00A2F363 /* DetailView.swift */ = {isa = PBXFileReference; lastKnownFileType = sourcecode.swift; path = DetailView.swift; sourceTree = "<group>"; };
		C84616782B77D86300A2F363 /* Filter.swift */ = {isa = PBXFileReference; lastKnownFileType = sourcecode.swift; path = Filter.swift; sourceTree = "<group>"; };
		C85C5DE52B777B6B004356FB /* FeedbackAssistantClone.app */ = {isa = PBXFileReference; explicitFileType = wrapper.application; includeInIndex = 0; path = FeedbackAssistantClone.app; sourceTree = BUILT_PRODUCTS_DIR; };
		C85C5DE82B777B6B004356FB /* FeedbackAssistantCloneApp.swift */ = {isa = PBXFileReference; lastKnownFileType = sourcecode.swift; path = FeedbackAssistantCloneApp.swift; sourceTree = "<group>"; };
		C85C5DEA2B777B6B004356FB /* ContentView.swift */ = {isa = PBXFileReference; lastKnownFileType = sourcecode.swift; path = ContentView.swift; sourceTree = "<group>"; };
		C85C5DEC2B777B6C004356FB /* Assets.xcassets */ = {isa = PBXFileReference; lastKnownFileType = folder.assetcatalog; path = Assets.xcassets; sourceTree = "<group>"; };
		C85C5DEE2B777B6C004356FB /* FeedbackAssistantClone.entitlements */ = {isa = PBXFileReference; lastKnownFileType = text.plist.entitlements; path = FeedbackAssistantClone.entitlements; sourceTree = "<group>"; };
		C85C5DF02B777B6C004356FB /* Preview Assets.xcassets */ = {isa = PBXFileReference; lastKnownFileType = folder.assetcatalog; path = "Preview Assets.xcassets"; sourceTree = "<group>"; };
		C896B3C02B82961800A72C0D /* Issue-CoreDataHelpers.swift */ = {isa = PBXFileReference; lastKnownFileType = sourcecode.swift; path = "Issue-CoreDataHelpers.swift"; sourceTree = "<group>"; };
		C896B3C22B829C0800A72C0D /* Tag-CoreDataHelpers.swift */ = {isa = PBXFileReference; lastKnownFileType = sourcecode.swift; path = "Tag-CoreDataHelpers.swift"; sourceTree = "<group>"; };
		C8BC31A22B8A6725008E1C0B /* IssueRow.swift */ = {isa = PBXFileReference; lastKnownFileType = sourcecode.swift; path = IssueRow.swift; sourceTree = "<group>"; };
		C8BC31A42B8AA4BB008E1C0B /* IssueView.swift */ = {isa = PBXFileReference; lastKnownFileType = sourcecode.swift; path = IssueView.swift; sourceTree = "<group>"; };
		C8BC31A62B8AA4C3008E1C0B /* NoIssueView.swift */ = {isa = PBXFileReference; lastKnownFileType = sourcecode.swift; path = NoIssueView.swift; sourceTree = "<group>"; };
		C8F388C72B9F8BA500638129 /* Awards.json */ = {isa = PBXFileReference; fileEncoding = 4; lastKnownFileType = text.json; path = Awards.json; sourceTree = "<group>"; };
		C8F388C92B9F8BF200638129 /* Colors.xcassets */ = {isa = PBXFileReference; lastKnownFileType = folder.assetcatalog; path = Colors.xcassets; sourceTree = "<group>"; };
		C8F388CB2B9F8CEA00638129 /* Award.swift */ = {isa = PBXFileReference; lastKnownFileType = sourcecode.swift; path = Award.swift; sourceTree = "<group>"; };
		C8F388CD2B9F8E7900638129 /* AwardsView.swift */ = {isa = PBXFileReference; lastKnownFileType = sourcecode.swift; path = AwardsView.swift; sourceTree = "<group>"; };
/* End PBXFileReference section */

/* Begin PBXFrameworksBuildPhase section */
		C85C5DE22B777B6B004356FB /* Frameworks */ = {
			isa = PBXFrameworksBuildPhase;
			buildActionMask = 2147483647;
			files = (
			);
			runOnlyForDeploymentPostprocessing = 0;
		};
/* End PBXFrameworksBuildPhase section */

/* Begin PBXGroup section */
		C85C5DDC2B777B6B004356FB = {
			isa = PBXGroup;
			children = (
				C85C5DE72B777B6B004356FB /* FeedbackAssistantClone */,
				C85C5DE62B777B6B004356FB /* Products */,
			);
			sourceTree = "<group>";
		};
		C85C5DE62B777B6B004356FB /* Products */ = {
			isa = PBXGroup;
			children = (
				C85C5DE52B777B6B004356FB /* FeedbackAssistantClone.app */,
			);
			name = Products;
			sourceTree = "<group>";
		};
		C85C5DE72B777B6B004356FB /* FeedbackAssistantClone */ = {
			isa = PBXGroup;
			children = (
				C84616732B77B14E00A2F363 /* Info.plist */,
				C85C5DE82B777B6B004356FB /* FeedbackAssistantCloneApp.swift */,
				C84616782B77D86300A2F363 /* Filter.swift */,
				C84616712B778D7F00A2F363 /* DataController.swift */,
				C8BC31A42B8AA4BB008E1C0B /* IssueView.swift */,
				C8BC31A62B8AA4C3008E1C0B /* NoIssueView.swift */,
				C84616742B77BC8A00A2F363 /* SidebarView.swift */,
				C832F7AB2B9E24520066E235 /* Bundle-Decodable.swift */,
				C8F388C72B9F8BA500638129 /* Awards.json */,
				C85C5DEA2B777B6B004356FB /* ContentView.swift */,
				C8BC31A22B8A6725008E1C0B /* IssueRow.swift */,
				C84616762B77BC9B00A2F363 /* DetailView.swift */,
				C8F388C92B9F8BF200638129 /* Colors.xcassets */,
				C846166E2B778A2700A2F363 /* Main.xcdatamodeld */,
				C85C5DEC2B777B6C004356FB /* Assets.xcassets */,
				C85C5DEE2B777B6C004356FB /* FeedbackAssistantClone.entitlements */,
				C85C5DEF2B777B6C004356FB /* Preview Content */,
				C896B3C02B82961800A72C0D /* Issue-CoreDataHelpers.swift */,
				C896B3C22B829C0800A72C0D /* Tag-CoreDataHelpers.swift */,
				C8F388CB2B9F8CEA00638129 /* Award.swift */,
				C8F388CD2B9F8E7900638129 /* AwardsView.swift */,
			);
			path = FeedbackAssistantClone;
			sourceTree = "<group>";
		};
		C85C5DEF2B777B6C004356FB /* Preview Content */ = {
			isa = PBXGroup;
			children = (
				C85C5DF02B777B6C004356FB /* Preview Assets.xcassets */,
			);
			path = "Preview Content";
			sourceTree = "<group>";
		};
/* End PBXGroup section */

/* Begin PBXNativeTarget section */
		C85C5DE42B777B6B004356FB /* FeedbackAssistantClone */ = {
			isa = PBXNativeTarget;
			buildConfigurationList = C85C5DF42B777B6C004356FB /* Build configuration list for PBXNativeTarget "FeedbackAssistantClone" */;
			buildPhases = (
				C85C5DE12B777B6B004356FB /* Sources */,
				C85C5DE22B777B6B004356FB /* Frameworks */,
				C85C5DE32B777B6B004356FB /* Resources */,
			);
			buildRules = (
			);
			dependencies = (
			);
			name = FeedbackAssistantClone;
			productName = FeedbackAssistantClone;
			productReference = C85C5DE52B777B6B004356FB /* FeedbackAssistantClone.app */;
			productType = "com.apple.product-type.application";
		};
/* End PBXNativeTarget section */

/* Begin PBXProject section */
		C85C5DDD2B777B6B004356FB /* Project object */ = {
			isa = PBXProject;
			attributes = {
				BuildIndependentTargetsInParallel = 1;
				LastSwiftUpdateCheck = 1520;
				LastUpgradeCheck = 1520;
				TargetAttributes = {
					C85C5DE42B777B6B004356FB = {
						CreatedOnToolsVersion = 15.2;
					};
				};
			};
			buildConfigurationList = C85C5DE02B777B6B004356FB /* Build configuration list for PBXProject "FeedbackAssistantClone" */;
			compatibilityVersion = "Xcode 14.0";
			developmentRegion = en;
			hasScannedForEncodings = 0;
			knownRegions = (
				en,
				Base,
			);
			mainGroup = C85C5DDC2B777B6B004356FB;
			productRefGroup = C85C5DE62B777B6B004356FB /* Products */;
			projectDirPath = "";
			projectRoot = "";
			targets = (
				C85C5DE42B777B6B004356FB /* FeedbackAssistantClone */,
			);
		};
/* End PBXProject section */

/* Begin PBXResourcesBuildPhase section */
		C85C5DE32B777B6B004356FB /* Resources */ = {
			isa = PBXResourcesBuildPhase;
			buildActionMask = 2147483647;
			files = (
				C85C5DF12B777B6C004356FB /* Preview Assets.xcassets in Resources */,
				C8F388CA2B9F8BF200638129 /* Colors.xcassets in Resources */,
				C8F388C82B9F8BA500638129 /* Awards.json in Resources */,
				C85C5DED2B777B6C004356FB /* Assets.xcassets in Resources */,
			);
			runOnlyForDeploymentPostprocessing = 0;
		};
/* End PBXResourcesBuildPhase section */

/* Begin PBXSourcesBuildPhase section */
		C85C5DE12B777B6B004356FB /* Sources */ = {
			isa = PBXSourcesBuildPhase;
			buildActionMask = 2147483647;
			files = (
				C84616792B77D86300A2F363 /* Filter.swift in Sources */,
				C8F388CC2B9F8CEA00638129 /* Award.swift in Sources */,
				C8F388CE2B9F8E7900638129 /* AwardsView.swift in Sources */,
				C896B3C32B829C0800A72C0D /* Tag-CoreDataHelpers.swift in Sources */,
				C84616702B778A2700A2F363 /* Main.xcdatamodeld in Sources */,
				C896B3C12B82961800A72C0D /* Issue-CoreDataHelpers.swift in Sources */,
				C832F7AC2B9E24520066E235 /* Bundle-Decodable.swift in Sources */,
				C84616772B77BC9B00A2F363 /* DetailView.swift in Sources */,
				C84616722B778D7F00A2F363 /* DataController.swift in Sources */,
				C84616752B77BC8A00A2F363 /* SidebarView.swift in Sources */,
				C85C5DEB2B777B6B004356FB /* ContentView.swift in Sources */,
				C8BC31A52B8AA4BB008E1C0B /* IssueView.swift in Sources */,
				C8BC31A72B8AA4C3008E1C0B /* NoIssueView.swift in Sources */,
				C8BC31A32B8A6725008E1C0B /* IssueRow.swift in Sources */,
				C85C5DE92B777B6B004356FB /* FeedbackAssistantCloneApp.swift in Sources */,
			);
			runOnlyForDeploymentPostprocessing = 0;
		};
/* End PBXSourcesBuildPhase section */

/* Begin XCBuildConfiguration section */
		C85C5DF22B777B6C004356FB /* Debug */ = {
			isa = XCBuildConfiguration;
			buildSettings = {
				ALWAYS_SEARCH_USER_PATHS = NO;
				ASSETCATALOG_COMPILER_GENERATE_SWIFT_ASSET_SYMBOL_EXTENSIONS = YES;
				CLANG_ANALYZER_NONNULL = YES;
				CLANG_ANALYZER_NUMBER_OBJECT_CONVERSION = YES_AGGRESSIVE;
				CLANG_CXX_LANGUAGE_STANDARD = "gnu++20";
				CLANG_ENABLE_MODULES = YES;
				CLANG_ENABLE_OBJC_ARC = YES;
				CLANG_ENABLE_OBJC_WEAK = YES;
				CLANG_WARN_BLOCK_CAPTURE_AUTORELEASING = YES;
				CLANG_WARN_BOOL_CONVERSION = YES;
				CLANG_WARN_COMMA = YES;
				CLANG_WARN_CONSTANT_CONVERSION = YES;
				CLANG_WARN_DEPRECATED_OBJC_IMPLEMENTATIONS = YES;
				CLANG_WARN_DIRECT_OBJC_ISA_USAGE = YES_ERROR;
				CLANG_WARN_DOCUMENTATION_COMMENTS = YES;
				CLANG_WARN_EMPTY_BODY = YES;
				CLANG_WARN_ENUM_CONVERSION = YES;
				CLANG_WARN_INFINITE_RECURSION = YES;
				CLANG_WARN_INT_CONVERSION = YES;
				CLANG_WARN_NON_LITERAL_NULL_CONVERSION = YES;
				CLANG_WARN_OBJC_IMPLICIT_RETAIN_SELF = YES;
				CLANG_WARN_OBJC_LITERAL_CONVERSION = YES;
				CLANG_WARN_OBJC_ROOT_CLASS = YES_ERROR;
				CLANG_WARN_QUOTED_INCLUDE_IN_FRAMEWORK_HEADER = YES;
				CLANG_WARN_RANGE_LOOP_ANALYSIS = YES;
				CLANG_WARN_STRICT_PROTOTYPES = YES;
				CLANG_WARN_SUSPICIOUS_MOVE = YES;
				CLANG_WARN_UNGUARDED_AVAILABILITY = YES_AGGRESSIVE;
				CLANG_WARN_UNREACHABLE_CODE = YES;
				CLANG_WARN__DUPLICATE_METHOD_MATCH = YES;
				COPY_PHASE_STRIP = NO;
				DEBUG_INFORMATION_FORMAT = dwarf;
				ENABLE_STRICT_OBJC_MSGSEND = YES;
				ENABLE_TESTABILITY = YES;
				ENABLE_USER_SCRIPT_SANDBOXING = YES;
				GCC_C_LANGUAGE_STANDARD = gnu17;
				GCC_DYNAMIC_NO_PIC = NO;
				GCC_NO_COMMON_BLOCKS = YES;
				GCC_OPTIMIZATION_LEVEL = 0;
				GCC_PREPROCESSOR_DEFINITIONS = (
					"DEBUG=1",
					"$(inherited)",
				);
				GCC_WARN_64_TO_32_BIT_CONVERSION = YES;
				GCC_WARN_ABOUT_RETURN_TYPE = YES_ERROR;
				GCC_WARN_UNDECLARED_SELECTOR = YES;
				GCC_WARN_UNINITIALIZED_AUTOS = YES_AGGRESSIVE;
				GCC_WARN_UNUSED_FUNCTION = YES;
				GCC_WARN_UNUSED_VARIABLE = YES;
				LOCALIZATION_PREFERS_STRING_CATALOGS = YES;
				MTL_ENABLE_DEBUG_INFO = INCLUDE_SOURCE;
				MTL_FAST_MATH = YES;
				ONLY_ACTIVE_ARCH = YES;
				SWIFT_ACTIVE_COMPILATION_CONDITIONS = "DEBUG $(inherited)";
				SWIFT_OPTIMIZATION_LEVEL = "-Onone";
			};
			name = Debug;
		};
		C85C5DF32B777B6C004356FB /* Release */ = {
			isa = XCBuildConfiguration;
			buildSettings = {
				ALWAYS_SEARCH_USER_PATHS = NO;
				ASSETCATALOG_COMPILER_GENERATE_SWIFT_ASSET_SYMBOL_EXTENSIONS = YES;
				CLANG_ANALYZER_NONNULL = YES;
				CLANG_ANALYZER_NUMBER_OBJECT_CONVERSION = YES_AGGRESSIVE;
				CLANG_CXX_LANGUAGE_STANDARD = "gnu++20";
				CLANG_ENABLE_MODULES = YES;
				CLANG_ENABLE_OBJC_ARC = YES;
				CLANG_ENABLE_OBJC_WEAK = YES;
				CLANG_WARN_BLOCK_CAPTURE_AUTORELEASING = YES;
				CLANG_WARN_BOOL_CONVERSION = YES;
				CLANG_WARN_COMMA = YES;
				CLANG_WARN_CONSTANT_CONVERSION = YES;
				CLANG_WARN_DEPRECATED_OBJC_IMPLEMENTATIONS = YES;
				CLANG_WARN_DIRECT_OBJC_ISA_USAGE = YES_ERROR;
				CLANG_WARN_DOCUMENTATION_COMMENTS = YES;
				CLANG_WARN_EMPTY_BODY = YES;
				CLANG_WARN_ENUM_CONVERSION = YES;
				CLANG_WARN_INFINITE_RECURSION = YES;
				CLANG_WARN_INT_CONVERSION = YES;
				CLANG_WARN_NON_LITERAL_NULL_CONVERSION = YES;
				CLANG_WARN_OBJC_IMPLICIT_RETAIN_SELF = YES;
				CLANG_WARN_OBJC_LITERAL_CONVERSION = YES;
				CLANG_WARN_OBJC_ROOT_CLASS = YES_ERROR;
				CLANG_WARN_QUOTED_INCLUDE_IN_FRAMEWORK_HEADER = YES;
				CLANG_WARN_RANGE_LOOP_ANALYSIS = YES;
				CLANG_WARN_STRICT_PROTOTYPES = YES;
				CLANG_WARN_SUSPICIOUS_MOVE = YES;
				CLANG_WARN_UNGUARDED_AVAILABILITY = YES_AGGRESSIVE;
				CLANG_WARN_UNREACHABLE_CODE = YES;
				CLANG_WARN__DUPLICATE_METHOD_MATCH = YES;
				COPY_PHASE_STRIP = NO;
				DEBUG_INFORMATION_FORMAT = "dwarf-with-dsym";
				ENABLE_NS_ASSERTIONS = NO;
				ENABLE_STRICT_OBJC_MSGSEND = YES;
				ENABLE_USER_SCRIPT_SANDBOXING = YES;
				GCC_C_LANGUAGE_STANDARD = gnu17;
				GCC_NO_COMMON_BLOCKS = YES;
				GCC_WARN_64_TO_32_BIT_CONVERSION = YES;
				GCC_WARN_ABOUT_RETURN_TYPE = YES_ERROR;
				GCC_WARN_UNDECLARED_SELECTOR = YES;
				GCC_WARN_UNINITIALIZED_AUTOS = YES_AGGRESSIVE;
				GCC_WARN_UNUSED_FUNCTION = YES;
				GCC_WARN_UNUSED_VARIABLE = YES;
				LOCALIZATION_PREFERS_STRING_CATALOGS = YES;
				MTL_ENABLE_DEBUG_INFO = NO;
				MTL_FAST_MATH = YES;
				SWIFT_COMPILATION_MODE = wholemodule;
			};
			name = Release;
		};
		C85C5DF52B777B6C004356FB /* Debug */ = {
			isa = XCBuildConfiguration;
			buildSettings = {
				ASSETCATALOG_COMPILER_APPICON_NAME = AppIcon;
				ASSETCATALOG_COMPILER_GLOBAL_ACCENT_COLOR_NAME = AccentColor;
				CODE_SIGN_ENTITLEMENTS = FeedbackAssistantClone/FeedbackAssistantClone.entitlements;
				CODE_SIGN_STYLE = Automatic;
				CURRENT_PROJECT_VERSION = 1;
				DEVELOPMENT_ASSET_PATHS = "\"FeedbackAssistantClone/Preview Content\"";
				DEVELOPMENT_TEAM = U6JX84M9ZS;
				ENABLE_HARDENED_RUNTIME = YES;
				ENABLE_PREVIEWS = YES;
				GENERATE_INFOPLIST_FILE = YES;
				INFOPLIST_FILE = FeedbackAssistantClone/Info.plist;
				"INFOPLIST_KEY_UIApplicationSceneManifest_Generation[sdk=iphoneos*]" = YES;
				"INFOPLIST_KEY_UIApplicationSceneManifest_Generation[sdk=iphonesimulator*]" = YES;
				"INFOPLIST_KEY_UIApplicationSupportsIndirectInputEvents[sdk=iphoneos*]" = YES;
				"INFOPLIST_KEY_UIApplicationSupportsIndirectInputEvents[sdk=iphonesimulator*]" = YES;
				"INFOPLIST_KEY_UILaunchScreen_Generation[sdk=iphoneos*]" = YES;
				"INFOPLIST_KEY_UILaunchScreen_Generation[sdk=iphonesimulator*]" = YES;
				"INFOPLIST_KEY_UIStatusBarStyle[sdk=iphoneos*]" = UIStatusBarStyleDefault;
				"INFOPLIST_KEY_UIStatusBarStyle[sdk=iphonesimulator*]" = UIStatusBarStyleDefault;
				INFOPLIST_KEY_UISupportedInterfaceOrientations_iPad = "UIInterfaceOrientationPortrait UIInterfaceOrientationPortraitUpsideDown UIInterfaceOrientationLandscapeLeft UIInterfaceOrientationLandscapeRight";
				INFOPLIST_KEY_UISupportedInterfaceOrientations_iPhone = "UIInterfaceOrientationPortrait UIInterfaceOrientationLandscapeLeft UIInterfaceOrientationLandscapeRight";
				IPHONEOS_DEPLOYMENT_TARGET = 16.0;
				LD_RUNPATH_SEARCH_PATHS = "@executable_path/Frameworks";
				"LD_RUNPATH_SEARCH_PATHS[sdk=macosx*]" = "@executable_path/../Frameworks";
				MACOSX_DEPLOYMENT_TARGET = 14.2;
				MARKETING_VERSION = 1.0;
				PRODUCT_BUNDLE_IDENTIFIER = com.abanoub.FeedbackAssistantClone;
				PRODUCT_NAME = "$(TARGET_NAME)";
				SDKROOT = auto;
				SUPPORTED_PLATFORMS = "iphoneos iphonesimulator macosx";
				SWIFT_EMIT_LOC_STRINGS = YES;
				SWIFT_VERSION = 5.0;
				TARGETED_DEVICE_FAMILY = "1,2";
			};
			name = Debug;
		};
		C85C5DF62B777B6C004356FB /* Release */ = {
			isa = XCBuildConfiguration;
			buildSettings = {
				ASSETCATALOG_COMPILER_APPICON_NAME = AppIcon;
				ASSETCATALOG_COMPILER_GLOBAL_ACCENT_COLOR_NAME = AccentColor;
				CODE_SIGN_ENTITLEMENTS = FeedbackAssistantClone/FeedbackAssistantClone.entitlements;
				CODE_SIGN_STYLE = Automatic;
				CURRENT_PROJECT_VERSION = 1;
				DEVELOPMENT_ASSET_PATHS = "\"FeedbackAssistantClone/Preview Content\"";
				DEVELOPMENT_TEAM = U6JX84M9ZS;
				ENABLE_HARDENED_RUNTIME = YES;
				ENABLE_PREVIEWS = YES;
				GENERATE_INFOPLIST_FILE = YES;
				INFOPLIST_FILE = FeedbackAssistantClone/Info.plist;
				"INFOPLIST_KEY_UIApplicationSceneManifest_Generation[sdk=iphoneos*]" = YES;
				"INFOPLIST_KEY_UIApplicationSceneManifest_Generation[sdk=iphonesimulator*]" = YES;
				"INFOPLIST_KEY_UIApplicationSupportsIndirectInputEvents[sdk=iphoneos*]" = YES;
				"INFOPLIST_KEY_UIApplicationSupportsIndirectInputEvents[sdk=iphonesimulator*]" = YES;
				"INFOPLIST_KEY_UILaunchScreen_Generation[sdk=iphoneos*]" = YES;
				"INFOPLIST_KEY_UILaunchScreen_Generation[sdk=iphonesimulator*]" = YES;
				"INFOPLIST_KEY_UIStatusBarStyle[sdk=iphoneos*]" = UIStatusBarStyleDefault;
				"INFOPLIST_KEY_UIStatusBarStyle[sdk=iphonesimulator*]" = UIStatusBarStyleDefault;
				INFOPLIST_KEY_UISupportedInterfaceOrientations_iPad = "UIInterfaceOrientationPortrait UIInterfaceOrientationPortraitUpsideDown UIInterfaceOrientationLandscapeLeft UIInterfaceOrientationLandscapeRight";
				INFOPLIST_KEY_UISupportedInterfaceOrientations_iPhone = "UIInterfaceOrientationPortrait UIInterfaceOrientationLandscapeLeft UIInterfaceOrientationLandscapeRight";
				IPHONEOS_DEPLOYMENT_TARGET = 16.0;
				LD_RUNPATH_SEARCH_PATHS = "@executable_path/Frameworks";
				"LD_RUNPATH_SEARCH_PATHS[sdk=macosx*]" = "@executable_path/../Frameworks";
				MACOSX_DEPLOYMENT_TARGET = 14.2;
				MARKETING_VERSION = 1.0;
				PRODUCT_BUNDLE_IDENTIFIER = com.abanoub.FeedbackAssistantClone;
				PRODUCT_NAME = "$(TARGET_NAME)";
				SDKROOT = auto;
				SUPPORTED_PLATFORMS = "iphoneos iphonesimulator macosx";
				SWIFT_EMIT_LOC_STRINGS = YES;
				SWIFT_VERSION = 5.0;
				TARGETED_DEVICE_FAMILY = "1,2";
			};
			name = Release;
		};
/* End XCBuildConfiguration section */

/* Begin XCConfigurationList section */
		C85C5DE02B777B6B004356FB /* Build configuration list for PBXProject "FeedbackAssistantClone" */ = {
			isa = XCConfigurationList;
			buildConfigurations = (
				C85C5DF22B777B6C004356FB /* Debug */,
				C85C5DF32B777B6C004356FB /* Release */,
			);
			defaultConfigurationIsVisible = 0;
			defaultConfigurationName = Release;
		};
		C85C5DF42B777B6C004356FB /* Build configuration list for PBXNativeTarget "FeedbackAssistantClone" */ = {
			isa = XCConfigurationList;
			buildConfigurations = (
				C85C5DF52B777B6C004356FB /* Debug */,
				C85C5DF62B777B6C004356FB /* Release */,
			);
			defaultConfigurationIsVisible = 0;
			defaultConfigurationName = Release;
		};
/* End XCConfigurationList section */

/* Begin XCVersionGroup section */
		C846166E2B778A2700A2F363 /* Main.xcdatamodeld */ = {
			isa = XCVersionGroup;
			children = (
				C846166F2B778A2700A2F363 /* Main.xcdatamodel */,
			);
			currentVersion = C846166F2B778A2700A2F363 /* Main.xcdatamodel */;
			path = Main.xcdatamodeld;
			sourceTree = "<group>";
			versionGroupType = wrapper.xcdatamodel;
		};
/* End XCVersionGroup section */
	};
	rootObject = C85C5DDD2B777B6B004356FB /* Project object */;
}
